
Microsoft Visual Studio Solution File, Format Version 12.00
# Visual Studio Version 16
VisualStudioVersion = 16.0.29215.179
MinimumVisualStudioVersion = 10.0.40219.1
Project("{F184B08F-C81C-45F6-A57F-5ABD9991F28F}") = "Aion", "Aion\Aion.vbproj", "{8B3FF920-4AA5-4B42-8EA5-8AE9EB1C273F}"
EndProject
Project("{F184B08F-C81C-45F6-A57F-5ABD9991F28F}") = "AionForms", "AionForms\AionForms.vbproj", "{0FD2F4CB-6919-4696-A1C9-DFAEBE2B2FC7}"
EndProject
Global
	GlobalSection(SolutionConfigurationPlatforms) = preSolution
		Debug|Any CPU = Debug|Any CPU
		Release|Any CPU = Release|Any CPU
	EndGlobalSection
	GlobalSection(ProjectConfigurationPlatforms) = postSolution
		{8B3FF920-4AA5-4B42-8EA5-8AE9EB1C273F}.Debug|Any CPU.ActiveCfg = Debug|Any CPU
		{8B3FF920-4AA5-4B42-8EA5-8AE9EB1C273F}.Debug|Any CPU.Build.0 = Debug|Any CPU
		{8B3FF920-4AA5-4B42-8EA5-8AE9EB1C273F}.Release|Any CPU.ActiveCfg = Release|Any CPU
		{8B3FF920-4AA5-4B42-8EA5-8AE9EB1C273F}.Release|Any CPU.Build.0 = Release|Any CPU
		{0FD2F4CB-6919-4696-A1C9-DFAEBE2B2FC7}.Debug|Any CPU.ActiveCfg = Debug|Any CPU
		{0FD2F4CB-6919-4696-A1C9-DFAEBE2B2FC7}.Debug|Any CPU.Build.0 = Debug|Any CPU
		{0FD2F4CB-6919-4696-A1C9-DFAEBE2B2FC7}.Release|Any CPU.ActiveCfg = Release|Any CPU
		{0FD2F4CB-6919-4696-A1C9-DFAEBE2B2FC7}.Release|Any CPU.Build.0 = Release|Any CPU
	EndGlobalSection
	GlobalSection(SolutionProperties) = preSolution
		HideSolutionNode = FALSE
	EndGlobalSection
	GlobalSection(ExtensibilityGlobals) = postSolution
		SolutionGuid = {FBDD3588-8EAE-4F29-897C-7797DA12A953}
	EndGlobalSection
EndGlobal
